
Microsoft Visual Studio Solution File, Format Version 12.00
# Visual Studio Version 17
VisualStudioVersion = 17.10.35027.167
MinimumVisualStudioVersion = 10.0.40219.1
Project("{FAE04EC0-301F-11D3-BF4B-00C04F79EFBC}") = "PAM_Study", "PAM_Study\PAM_Study.csproj", "{24A8E271-E05A-4B60-B8DE-2452D3CA33EF}"
EndProject
Global
	GlobalSection(SolutionConfigurationPlatforms) = preSolution
		Debug|Any CPU = Debug|Any CPU
		Release|Any CPU = Release|Any CPU
	EndGlobalSection
	GlobalSection(ProjectConfigurationPlatforms) = postSolution
		{24A8E271-E05A-4B60-B8DE-2452D3CA33EF}.Debug|Any CPU.ActiveCfg = Debug|Any CPU
		{24A8E271-E05A-4B60-B8DE-2452D3CA33EF}.Debug|Any CPU.Build.0 = Debug|Any CPU
		{24A8E271-E05A-4B60-B8DE-2452D3CA33EF}.Debug|Any CPU.Deploy.0 = Debug|Any CPU
		{24A8E271-E05A-4B60-B8DE-2452D3CA33EF}.Release|Any CPU.ActiveCfg = Release|Any CPU
		{24A8E271-E05A-4B60-B8DE-2452D3CA33EF}.Release|Any CPU.Build.0 = Release|Any CPU
		{24A8E271-E05A-4B60-B8DE-2452D3CA33EF}.Release|Any CPU.Deploy.0 = Release|Any CPU
	EndGlobalSection
	GlobalSection(SolutionProperties) = preSolution
		HideSolutionNode = FALSE
	EndGlobalSection
	GlobalSection(ExtensibilityGlobals) = postSolution
		SolutionGuid = {E255A85E-3BD9-427C-93C9-74EEA589BABA}
	EndGlobalSection
EndGlobal
